
Microsoft Visual Studio Solution File, Format Version 12.00
# Visual Studio Version 17
VisualStudioVersion = 17.2.32519.379
MinimumVisualStudioVersion = 10.0.40219.1
Project("{FAE04EC0-301F-11D3-BF4B-00C04F79EFBC}") = "PokemoanReviewApp", "PokemoanReviewApp\PokemoanReviewApp.csproj", "{ECB336CC-5DF6-48B2-A4D9-A5F3E45DA1A4}"
EndProject
Global
	GlobalSection(SolutionConfigurationPlatforms) = preSolution
		Debug|Any CPU = Debug|Any CPU
		Release|Any CPU = Release|Any CPU
	EndGlobalSection
	GlobalSection(ProjectConfigurationPlatforms) = postSolution
		{ECB336CC-5DF6-48B2-A4D9-A5F3E45DA1A4}.Debug|Any CPU.ActiveCfg = Debug|Any CPU
		{ECB336CC-5DF6-48B2-A4D9-A5F3E45DA1A4}.Debug|Any CPU.Build.0 = Debug|Any CPU
		{ECB336CC-5DF6-48B2-A4D9-A5F3E45DA1A4}.Release|Any CPU.ActiveCfg = Release|Any CPU
		{ECB336CC-5DF6-48B2-A4D9-A5F3E45DA1A4}.Release|Any CPU.Build.0 = Release|Any CPU
	EndGlobalSection
	GlobalSection(SolutionProperties) = preSolution
		HideSolutionNode = FALSE
	EndGlobalSection
	GlobalSection(ExtensibilityGlobals) = postSolution
		SolutionGuid = {8849FAAC-6894-4813-B980-3B8FEC2A2D21}
	EndGlobalSection
EndGlobal
